
Microsoft Visual Studio Solution File, Format Version 12.00
# Visual Studio Version 17
VisualStudioVersion = 17.6.33801.468
MinimumVisualStudioVersion = 10.0.40219.1
Project("{FAE04EC0-301F-11D3-BF4B-00C04F79EFBC}") = "Employee_Csv_Generator", "Employee_Csv_Generator\Employee_Csv_Generator.csproj", "{A8CACB2F-9D83-44BF-A649-2B8015601D49}"
EndProject
Global
	GlobalSection(SolutionConfigurationPlatforms) = preSolution
		Debug|Any CPU = Debug|Any CPU
		Release|Any CPU = Release|Any CPU
	EndGlobalSection
	GlobalSection(ProjectConfigurationPlatforms) = postSolution
		{A8CACB2F-9D83-44BF-A649-2B8015601D49}.Debug|Any CPU.ActiveCfg = Debug|Any CPU
		{A8CACB2F-9D83-44BF-A649-2B8015601D49}.Debug|Any CPU.Build.0 = Debug|Any CPU
		{A8CACB2F-9D83-44BF-A649-2B8015601D49}.Release|Any CPU.ActiveCfg = Release|Any CPU
		{A8CACB2F-9D83-44BF-A649-2B8015601D49}.Release|Any CPU.Build.0 = Release|Any CPU
	EndGlobalSection
	GlobalSection(SolutionProperties) = preSolution
		HideSolutionNode = FALSE
	EndGlobalSection
	GlobalSection(ExtensibilityGlobals) = postSolution
		SolutionGuid = {7F34972B-F87E-44BB-8325-FC93A5D17F33}
	EndGlobalSection
EndGlobal
